# This file was autogenerated by Stack.
# You should not edit this file by hand.
# For more information, please see the documentation at:
#   https://docs.haskellstack.org/en/stable/lock_files

packages:
- completed:
    hackage: hakyll-4.14.0.0@sha256:28aab547aa94202d486328aa4bbcd02ecbefc4e5d42dfa15e8137b731a4f5d55,9059
    pantry-tree:
      size: 8272
      sha256: b5dff3f9f3c9bc32b154d8f5b30f88fc12f88a32dd7a10ac7f16584af5059b3f
  original:
    hackage: hakyll-4.14.0.0@sha256:28aab547aa94202d486328aa4bbcd02ecbefc4e5d42dfa15e8137b731a4f5d55,9059
snapshots:
- completed:
    size: 587113
    url: https://raw.githubusercontent.com/commercialhaskell/stackage-snapshots/master/lts/18/6.yaml
    sha256: f74c482d7c93739ecf3abfbc0f2dea1c20a2dfb2462c689846ed55a9653b66f7
  original: lts-18.6
